# THIS IS AN AUTOGENERATED FILE. DO NOT EDIT THIS FILE DIRECTLY.
# yarn lockfile v1


"@types/p5@^0.9.1":
  version "0.9.1"
  resolved "https://registry.yarnpkg.com/@types/p5/-/p5-0.9.1.tgz#920c6cd6ee30b5d9e5cc04cb9b11bb762c333bc5"
  integrity sha512-4glOKdqdBiRWDFZwi/MjHudPV2U4t2L4fTTSacGapfFxyNXzZcAshAjqmrJkCIZcFlhRBEAL7AM95xRDMfrIwg==

p5@^1.1.9:
  version "1.1.9"
  resolved "https://registry.yarnpkg.com/p5/-/p5-1.1.9.tgz#b33692100f991b993128fd8e3324cc56adad68b2"
  integrity sha512-gU+UBEAXLGt3RQFzTtsKijF+eBidweIqRrg51AniuLG8LKHzylrB5ilIOzyDgcR1/hWt6danWPArjaVtXHWfWg==
